
Microsoft Visual Studio Solution File, Format Version 12.00
# Visual Studio 14
VisualStudioVersion = 14.0.25420.1
MinimumVisualStudioVersion = 10.0.40219.1
Project("{FAE04EC0-301F-11D3-BF4B-00C04F79EFBC}") = "Domain", "Domain\Domain.csproj", "{787239D4-F9D5-4A58-B19D-C5EA66C3A9BF}"
EndProject
Project("{FAE04EC0-301F-11D3-BF4B-00C04F79EFBC}") = "Data", "Data\Data.csproj", "{B3040EF7-DEB7-4BA1-878B-7F9035229927}"
EndProject
Project("{FAE04EC0-301F-11D3-BF4B-00C04F79EFBC}") = "Client", "Client\Client.csproj", "{5D602E2F-D8B5-4FC0-A8A0-070760CA535E}"
EndProject
Project("{FAE04EC0-301F-11D3-BF4B-00C04F79EFBC}") = "Services", "Services\Services.csproj", "{D02C2E70-27FA-472D-9254-FA5BE49B5158}"
EndProject
Global
	GlobalSection(SolutionConfigurationPlatforms) = preSolution
		Debug|Any CPU = Debug|Any CPU
		Release|Any CPU = Release|Any CPU
	EndGlobalSection
	GlobalSection(ProjectConfigurationPlatforms) = postSolution
		{787239D4-F9D5-4A58-B19D-C5EA66C3A9BF}.Debug|Any CPU.ActiveCfg = Debug|Any CPU
		{787239D4-F9D5-4A58-B19D-C5EA66C3A9BF}.Debug|Any CPU.Build.0 = Debug|Any CPU
		{787239D4-F9D5-4A58-B19D-C5EA66C3A9BF}.Release|Any CPU.ActiveCfg = Release|Any CPU
		{787239D4-F9D5-4A58-B19D-C5EA66C3A9BF}.Release|Any CPU.Build.0 = Release|Any CPU
		{B3040EF7-DEB7-4BA1-878B-7F9035229927}.Debug|Any CPU.ActiveCfg = Debug|Any CPU
		{B3040EF7-DEB7-4BA1-878B-7F9035229927}.Debug|Any CPU.Build.0 = Debug|Any CPU
		{B3040EF7-DEB7-4BA1-878B-7F9035229927}.Release|Any CPU.ActiveCfg = Release|Any CPU
		{B3040EF7-DEB7-4BA1-878B-7F9035229927}.Release|Any CPU.Build.0 = Release|Any CPU
		{5D602E2F-D8B5-4FC0-A8A0-070760CA535E}.Debug|Any CPU.ActiveCfg = Debug|Any CPU
		{5D602E2F-D8B5-4FC0-A8A0-070760CA535E}.Debug|Any CPU.Build.0 = Debug|Any CPU
		{5D602E2F-D8B5-4FC0-A8A0-070760CA535E}.Release|Any CPU.ActiveCfg = Release|Any CPU
		{5D602E2F-D8B5-4FC0-A8A0-070760CA535E}.Release|Any CPU.Build.0 = Release|Any CPU
		{D02C2E70-27FA-472D-9254-FA5BE49B5158}.Debug|Any CPU.ActiveCfg = Debug|Any CPU
		{D02C2E70-27FA-472D-9254-FA5BE49B5158}.Debug|Any CPU.Build.0 = Debug|Any CPU
		{D02C2E70-27FA-472D-9254-FA5BE49B5158}.Release|Any CPU.ActiveCfg = Release|Any CPU
		{D02C2E70-27FA-472D-9254-FA5BE49B5158}.Release|Any CPU.Build.0 = Release|Any CPU
	EndGlobalSection
	GlobalSection(SolutionProperties) = preSolution
		HideSolutionNode = FALSE
	EndGlobalSection
EndGlobal
